
Microsoft Visual Studio Solution File, Format Version 12.00
# Visual Studio 15
VisualStudioVersion = 15.0.27130.2026
MinimumVisualStudioVersion = 10.0.40219.1
Project("{8BC9CEB8-8B4A-11D0-8D11-00A0C91BC942}") = "gbfs", "gbfs.vcxproj", "{7FA8A7A3-B160-4171-B625-32AB3FDAC743}"
EndProject
Global
	GlobalSection(SolutionConfigurationPlatforms) = preSolution
		Debug|x64 = Debug|x64
		Debug|x86 = Debug|x86
		Release|x64 = Release|x64
		Release|x86 = Release|x86
	EndGlobalSection
	GlobalSection(ProjectConfigurationPlatforms) = postSolution
		{7FA8A7A3-B160-4171-B625-32AB3FDAC743}.Debug|x64.ActiveCfg = Debug|x64
		{7FA8A7A3-B160-4171-B625-32AB3FDAC743}.Debug|x64.Build.0 = Debug|x64
		{7FA8A7A3-B160-4171-B625-32AB3FDAC743}.Debug|x86.ActiveCfg = Debug|Win32
		{7FA8A7A3-B160-4171-B625-32AB3FDAC743}.Debug|x86.Build.0 = Debug|Win32
		{7FA8A7A3-B160-4171-B625-32AB3FDAC743}.Release|x64.ActiveCfg = Release|x64
		{7FA8A7A3-B160-4171-B625-32AB3FDAC743}.Release|x64.Build.0 = Release|x64
		{7FA8A7A3-B160-4171-B625-32AB3FDAC743}.Release|x86.ActiveCfg = Release|Win32
		{7FA8A7A3-B160-4171-B625-32AB3FDAC743}.Release|x86.Build.0 = Release|Win32
	EndGlobalSection
	GlobalSection(SolutionProperties) = preSolution
		HideSolutionNode = FALSE
	EndGlobalSection
	GlobalSection(ExtensibilityGlobals) = postSolution
		SolutionGuid = {CF6254F5-BC38-4915-849F-8DA90CE1AD4C}
	EndGlobalSection
EndGlobal
